// !$*UTF8*$!
{
	archiveVersion = 1;
	classes = {
	};
	objectVersion = 56;
	objects = {

/* Begin PBXBuildFile section */
		100000000000000000000001 /* TweetHelperMobileApp.swift in Sources */ = {isa = PBXBuildFile; fileRef = 100000000000000000000101 /* TweetHelperMobileApp.swift */; };
		100000000000000000000002 /* SetupView.swift in Sources */ = {isa = PBXBuildFile; fileRef = 100000000000000000000102 /* SetupView.swift */; };
		100000000000000000000003 /* TweetHelperSettings.swift in Sources */ = {isa = PBXBuildFile; fileRef = 100000000000000000000103 /* TweetHelperSettings.swift */; };
		100000000000000000000004 /* KeyboardViewController.swift in Sources */ = {isa = PBXBuildFile; fileRef = 100000000000000000000104 /* KeyboardViewController.swift */; };
		100000000000000000000005 /* TweetHelperSettings.swift in Sources */ = {isa = PBXBuildFile; fileRef = 100000000000000000000103 /* TweetHelperSettings.swift */; };
		100000000000000000000006 /* TweetHelperKeyboard.appex in Embed App Extensions */ = {isa = PBXBuildFile; fileRef = 100000000000000000000202 /* TweetHelperKeyboard.appex */; settings = {ATTRIBUTES = (RemoveHeadersOnCopy, ); }; };
/* End PBXBuildFile section */

/* Begin PBXContainerItemProxy section */
		100000000000000000000301 /* PBXContainerItemProxy */ = {
			isa = PBXContainerItemProxy;
			containerPortal = 100000000000000000000400 /* Project object */;
			proxyType = 1;
			remoteGlobalIDString = 100000000000000000000502;
			remoteInfo = TweetHelperKeyboard;
		};
/* End PBXContainerItemProxy section */

/* Begin PBXCopyFilesBuildPhase section */
		100000000000000000000601 /* Embed App Extensions */ = {
			isa = PBXCopyFilesBuildPhase;
			buildActionMask = 2147483647;
			dstPath = "";
			dstSubfolderSpec = 13;
			files = (
				100000000000000000000006 /* TweetHelperKeyboard.appex in Embed App Extensions */,
			);
			name = "Embed App Extensions";
			runOnlyForDeploymentPostprocessing = 0;
		};
/* End PBXCopyFilesBuildPhase section */

/* Begin PBXFileReference section */
		100000000000000000000101 /* TweetHelperMobileApp.swift */ = {isa = PBXFileReference; lastKnownFileType = sourcecode.swift; path = TweetHelperMobileApp.swift; sourceTree = "<group>"; };
		100000000000000000000102 /* SetupView.swift */ = {isa = PBXFileReference; lastKnownFileType = sourcecode.swift; path = SetupView.swift; sourceTree = "<group>"; };
		100000000000000000000103 /* TweetHelperSettings.swift */ = {isa = PBXFileReference; lastKnownFileType = sourcecode.swift; path = TweetHelperSettings.swift; sourceTree = "<group>"; };
		100000000000000000000104 /* KeyboardViewController.swift */ = {isa = PBXFileReference; lastKnownFileType = sourcecode.swift; path = KeyboardViewController.swift; sourceTree = "<group>"; };
		100000000000000000000105 /* Info.plist */ = {isa = PBXFileReference; lastKnownFileType = text.plist.xml; path = Info.plist; sourceTree = "<group>"; };
		100000000000000000000106 /* TweetHelperMobile.entitlements */ = {isa = PBXFileReference; lastKnownFileType = text.plist.entitlements; path = TweetHelperMobile.entitlements; sourceTree = "<group>"; };
		100000000000000000000107 /* Info.plist */ = {isa = PBXFileReference; lastKnownFileType = text.plist.xml; path = Info.plist; sourceTree = "<group>"; };
		100000000000000000000108 /* TweetHelperKeyboard.entitlements */ = {isa = PBXFileReference; lastKnownFileType = text.plist.entitlements; path = TweetHelperKeyboard.entitlements; sourceTree = "<group>"; };
		100000000000000000000201 /* TweetHelperMobile.app */ = {isa = PBXFileReference; explicitFileType = wrapper.application; includeInIndex = 0; path = TweetHelperMobile.app; sourceTree = BUILT_PRODUCTS_DIR; };
		100000000000000000000202 /* TweetHelperKeyboard.appex */ = {isa = PBXFileReference; explicitFileType = "wrapper.app-extension"; includeInIndex = 0; path = TweetHelperKeyboard.appex; sourceTree = BUILT_PRODUCTS_DIR; };
/* End PBXFileReference section */

/* Begin PBXFrameworksBuildPhase section */
		100000000000000000000701 /* Frameworks */ = {
			isa = PBXFrameworksBuildPhase;
			buildActionMask = 2147483647;
			files = (
			);
			runOnlyForDeploymentPostprocessing = 0;
		};
		100000000000000000000702 /* Frameworks */ = {
			isa = PBXFrameworksBuildPhase;
			buildActionMask = 2147483647;
			files = (
			);
			runOnlyForDeploymentPostprocessing = 0;
		};
/* End PBXFrameworksBuildPhase section */

/* Begin PBXGroup section */
		100000000000000000000800 = {
			isa = PBXGroup;
			children = (
				100000000000000000000801 /* TweetHelperMobile */,
				100000000000000000000802 /* TweetHelperKeyboard */,
				100000000000000000000803 /* Shared */,
				100000000000000000000804 /* Products */,
			);
			sourceTree = "<group>";
		};
		100000000000000000000801 /* TweetHelperMobile */ = {
			isa = PBXGroup;
			children = (
				100000000000000000000101 /* TweetHelperMobileApp.swift */,
				100000000000000000000102 /* SetupView.swift */,
				100000000000000000000105 /* Info.plist */,
				100000000000000000000106 /* TweetHelperMobile.entitlements */,
			);
			path = TweetHelperMobile;
			sourceTree = "<group>";
		};
		100000000000000000000802 /* TweetHelperKeyboard */ = {
			isa = PBXGroup;
			children = (
				100000000000000000000104 /* KeyboardViewController.swift */,
				100000000000000000000107 /* Info.plist */,
				100000000000000000000108 /* TweetHelperKeyboard.entitlements */,
			);
			path = TweetHelperKeyboard;
			sourceTree = "<group>";
		};
		100000000000000000000803 /* Shared */ = {
			isa = PBXGroup;
			children = (
				100000000000000000000103 /* TweetHelperSettings.swift */,
			);
			path = Shared;
			sourceTree = "<group>";
		};
		100000000000000000000804 /* Products */ = {
			isa = PBXGroup;
			children = (
				100000000000000000000201 /* TweetHelperMobile.app */,
				100000000000000000000202 /* TweetHelperKeyboard.appex */,
			);
			name = Products;
			sourceTree = "<group>";
		};
/* End PBXGroup section */

/* Begin PBXNativeTarget section */
		100000000000000000000501 /* TweetHelperMobile */ = {
			isa = PBXNativeTarget;
			buildConfigurationList = 100000000000000000000901 /* Build configuration list for PBXNativeTarget "TweetHelperMobile" */;
			buildPhases = (
				100000000000000000000711 /* Sources */,
				100000000000000000000701 /* Frameworks */,
				100000000000000000000601 /* Embed App Extensions */,
			);
			buildRules = (
			);
			dependencies = (
				100000000000000000000302 /* PBXTargetDependency */,
			);
			name = TweetHelperMobile;
			productName = TweetHelperMobile;
			productReference = 100000000000000000000201 /* TweetHelperMobile.app */;
			productType = "com.apple.product-type.application";
		};
		100000000000000000000502 /* TweetHelperKeyboard */ = {
			isa = PBXNativeTarget;
			buildConfigurationList = 100000000000000000000902 /* Build configuration list for PBXNativeTarget "TweetHelperKeyboard" */;
			buildPhases = (
				100000000000000000000712 /* Sources */,
				100000000000000000000702 /* Frameworks */,
			);
			buildRules = (
			);
			dependencies = (
			);
			name = TweetHelperKeyboard;
			productName = TweetHelperKeyboard;
			productReference = 100000000000000000000202 /* TweetHelperKeyboard.appex */;
			productType = "com.apple.product-type.app-extension";
		};
/* End PBXNativeTarget section */

/* Begin PBXProject section */
		100000000000000000000400 /* Project object */ = {
			isa = PBXProject;
			attributes = {
				BuildIndependentTargetsInParallel = 1;
				LastSwiftUpdateCheck = 1600;
				LastUpgradeCheck = 1600;
				TargetAttributes = {
					100000000000000000000501 = {
						CreatedOnToolsVersion = 16.0;
					};
					100000000000000000000502 = {
						CreatedOnToolsVersion = 16.0;
					};
				};
			};
			buildConfigurationList = 100000000000000000000900 /* Build configuration list for PBXProject "TweetHelperMobile" */;
			compatibilityVersion = "Xcode 14.0";
			developmentRegion = en;
			hasScannedForEncodings = 0;
			knownRegions = (
				en,
				Base,
			);
			mainGroup = 100000000000000000000800;
			productRefGroup = 100000000000000000000804 /* Products */;
			projectDirPath = "";
			projectRoot = "";
			targets = (
				100000000000000000000501 /* TweetHelperMobile */,
				100000000000000000000502 /* TweetHelperKeyboard */,
			);
		};
/* End PBXProject section */

/* Begin PBXSourcesBuildPhase section */
		100000000000000000000711 /* Sources */ = {
			isa = PBXSourcesBuildPhase;
			buildActionMask = 2147483647;
			files = (
				100000000000000000000001 /* TweetHelperMobileApp.swift in Sources */,
				100000000000000000000002 /* SetupView.swift in Sources */,
				100000000000000000000003 /* TweetHelperSettings.swift in Sources */,
			);
			runOnlyForDeploymentPostprocessing = 0;
		};
		100000000000000000000712 /* Sources */ = {
			isa = PBXSourcesBuildPhase;
			buildActionMask = 2147483647;
			files = (
				100000000000000000000004 /* KeyboardViewController.swift in Sources */,
				100000000000000000000005 /* TweetHelperSettings.swift in Sources */,
			);
			runOnlyForDeploymentPostprocessing = 0;
		};
/* End PBXSourcesBuildPhase section */

/* Begin PBXTargetDependency section */
		100000000000000000000302 /* PBXTargetDependency */ = {
			isa = PBXTargetDependency;
			target = 100000000000000000000502 /* TweetHelperKeyboard */;
			targetProxy = 100000000000000000000301 /* PBXContainerItemProxy */;
		};
/* End PBXTargetDependency section */

/* Begin XCBuildConfiguration section */
		100000000000000000001001 /* Debug */ = {
			isa = XCBuildConfiguration;
			buildSettings = {
				ALWAYS_SEARCH_USER_PATHS = NO;
				CLANG_ENABLE_MODULES = YES;
				CLANG_ENABLE_OBJC_ARC = YES;
				CLANG_WARN_BLOCK_CAPTURE_AUTORELEASING = YES;
				CLANG_WARN_BOOL_CONVERSION = YES;
				CLANG_WARN_COMMA = YES;
				CLANG_WARN_CONSTANT_CONVERSION = YES;
				CLANG_WARN_DEPRECATED_OBJC_IMPLEMENTATIONS = YES;
				CLANG_WARN_DIRECT_OBJC_ISA_USAGE = YES_ERROR;
				CLANG_WARN_DOCUMENTATION_COMMENTS = YES;
				CLANG_WARN_EMPTY_BODY = YES;
				CLANG_WARN_ENUM_CONVERSION = YES;
				CLANG_WARN_INFINITE_RECURSION = YES;
				CLANG_WARN_INT_CONVERSION = YES;
				CLANG_WARN_NON_LITERAL_NULL_CONVERSION = YES;
				CLANG_WARN_OBJC_IMPLICIT_RETAIN_SELF = YES;
				CLANG_WARN_OBJC_LITERAL_CONVERSION = YES;
				CLANG_WARN_OBJC_ROOT_CLASS = YES_ERROR;
				CLANG_WARN_QUOTED_INCLUDE_IN_FRAMEWORK_HEADER = YES;
				CLANG_WARN_RANGE_LOOP_ANALYSIS = YES;
				CLANG_WARN_STRICT_PROTOTYPES = YES;
				CLANG_WARN_SUSPICIOUS_MOVE = YES;
				COPY_PHASE_STRIP = NO;
				DEBUG_INFORMATION_FORMAT = dwarf;
				ENABLE_STRICT_OBJC_MSGSEND = YES;
				ENABLE_TESTABILITY = YES;
				GCC_C_LANGUAGE_STANDARD = gnu17;
				GCC_DYNAMIC_NO_PIC = NO;
				GCC_NO_COMMON_BLOCKS = YES;
				GCC_OPTIMIZATION_LEVEL = 0;
				GCC_PREPROCESSOR_DEFINITIONS = (
					"DEBUG=1",
					"$(inherited)",
				);
				IPHONEOS_DEPLOYMENT_TARGET = 17.0;
				MTL_ENABLE_DEBUG_INFO = INCLUDE_SOURCE;
				MTL_FAST_MATH = YES;
				ONLY_ACTIVE_ARCH = YES;
				SDKROOT = iphoneos;
				SWIFT_ACTIVE_COMPILATION_CONDITIONS = DEBUG;
				SWIFT_OPTIMIZATION_LEVEL = "-Onone";
			};
			name = Debug;
		};
		100000000000000000001002 /* Release */ = {
			isa = XCBuildConfiguration;
			buildSettings = {
				ALWAYS_SEARCH_USER_PATHS = NO;
				CLANG_ENABLE_MODULES = YES;
				CLANG_ENABLE_OBJC_ARC = YES;
				COPY_PHASE_STRIP = NO;
				DEBUG_INFORMATION_FORMAT = "dwarf-with-dsym";
				ENABLE_NS_ASSERTIONS = NO;
				GCC_C_LANGUAGE_STANDARD = gnu17;
				GCC_NO_COMMON_BLOCKS = YES;
				IPHONEOS_DEPLOYMENT_TARGET = 17.0;
				MTL_ENABLE_DEBUG_INFO = NO;
				MTL_FAST_MATH = YES;
				SDKROOT = iphoneos;
				SWIFT_COMPILATION_MODE = wholemodule;
				SWIFT_OPTIMIZATION_LEVEL = "-O";
				VALIDATE_PRODUCT = YES;
			};
			name = Release;
		};
		100000000000000000001011 /* Debug */ = {
			isa = XCBuildConfiguration;
			buildSettings = {
				ASSETCATALOG_COMPILER_APPICON_NAME = AppIcon;
				CODE_SIGN_ENTITLEMENTS = TweetHelperMobile/TweetHelperMobile.entitlements;
				CODE_SIGN_STYLE = Automatic;
				DEVELOPMENT_TEAM = DCX24HR6NW;
				GENERATE_INFOPLIST_FILE = NO;
				INFOPLIST_FILE = TweetHelperMobile/Info.plist;
				LD_RUNPATH_SEARCH_PATHS = (
					"$(inherited)",
					"@executable_path/Frameworks",
				);
				MARKETING_VERSION = 1.0;
				PRODUCT_BUNDLE_IDENTIFIER = com.djdesai.TweetHelperMobile;
				PRODUCT_NAME = "$(TARGET_NAME)";
				SWIFT_VERSION = 5.0;
				TARGETED_DEVICE_FAMILY = 1;
			};
			name = Debug;
		};
		100000000000000000001012 /* Release */ = {
			isa = XCBuildConfiguration;
			buildSettings = {
				ASSETCATALOG_COMPILER_APPICON_NAME = AppIcon;
				CODE_SIGN_ENTITLEMENTS = TweetHelperMobile/TweetHelperMobile.entitlements;
				CODE_SIGN_STYLE = Automatic;
				DEVELOPMENT_TEAM = DCX24HR6NW;
				GENERATE_INFOPLIST_FILE = NO;
				INFOPLIST_FILE = TweetHelperMobile/Info.plist;
				LD_RUNPATH_SEARCH_PATHS = (
					"$(inherited)",
					"@executable_path/Frameworks",
				);
				MARKETING_VERSION = 1.0;
				PRODUCT_BUNDLE_IDENTIFIER = com.djdesai.TweetHelperMobile;
				PRODUCT_NAME = "$(TARGET_NAME)";
				SWIFT_VERSION = 5.0;
				TARGETED_DEVICE_FAMILY = 1;
			};
			name = Release;
		};
		100000000000000000001021 /* Debug */ = {
			isa = XCBuildConfiguration;
			buildSettings = {
				APPLICATION_EXTENSION_API_ONLY = YES;
				CODE_SIGN_ENTITLEMENTS = TweetHelperKeyboard/TweetHelperKeyboard.entitlements;
				CODE_SIGN_STYLE = Automatic;
				DEVELOPMENT_TEAM = DCX24HR6NW;
				GENERATE_INFOPLIST_FILE = NO;
				INFOPLIST_FILE = TweetHelperKeyboard/Info.plist;
				LD_RUNPATH_SEARCH_PATHS = (
					"$(inherited)",
					"@executable_path/Frameworks",
					"@executable_path/../../Frameworks",
				);
				MARKETING_VERSION = 1.0;
				PRODUCT_BUNDLE_IDENTIFIER = com.djdesai.TweetHelperMobile.Keyboard;
				PRODUCT_NAME = "$(TARGET_NAME)";
				SKIP_INSTALL = YES;
				SWIFT_VERSION = 5.0;
				TARGETED_DEVICE_FAMILY = 1;
			};
			name = Debug;
		};
		100000000000000000001022 /* Release */ = {
			isa = XCBuildConfiguration;
			buildSettings = {
				APPLICATION_EXTENSION_API_ONLY = YES;
				CODE_SIGN_ENTITLEMENTS = TweetHelperKeyboard/TweetHelperKeyboard.entitlements;
				CODE_SIGN_STYLE = Automatic;
				DEVELOPMENT_TEAM = DCX24HR6NW;
				GENERATE_INFOPLIST_FILE = NO;
				INFOPLIST_FILE = TweetHelperKeyboard/Info.plist;
				LD_RUNPATH_SEARCH_PATHS = (
					"$(inherited)",
					"@executable_path/Frameworks",
					"@executable_path/../../Frameworks",
				);
				MARKETING_VERSION = 1.0;
				PRODUCT_BUNDLE_IDENTIFIER = com.djdesai.TweetHelperMobile.Keyboard;
				PRODUCT_NAME = "$(TARGET_NAME)";
				SKIP_INSTALL = YES;
				SWIFT_VERSION = 5.0;
				TARGETED_DEVICE_FAMILY = 1;
			};
			name = Release;
		};
/* End XCBuildConfiguration section */

/* Begin XCConfigurationList section */
		100000000000000000000900 /* Build configuration list for PBXProject "TweetHelperMobile" */ = {
			isa = XCConfigurationList;
			buildConfigurations = (
				100000000000000000001001 /* Debug */,
				100000000000000000001002 /* Release */,
			);
			defaultConfigurationIsVisible = 0;
			defaultConfigurationName = Release;
		};
		100000000000000000000901 /* Build configuration list for PBXNativeTarget "TweetHelperMobile" */ = {
			isa = XCConfigurationList;
			buildConfigurations = (
				100000000000000000001011 /* Debug */,
				100000000000000000001012 /* Release */,
			);
			defaultConfigurationIsVisible = 0;
			defaultConfigurationName = Release;
		};
		100000000000000000000902 /* Build configuration list for PBXNativeTarget "TweetHelperKeyboard" */ = {
			isa = XCConfigurationList;
			buildConfigurations = (
				100000000000000000001021 /* Debug */,
				100000000000000000001022 /* Release */,
			);
			defaultConfigurationIsVisible = 0;
			defaultConfigurationName = Release;
		};
/* End XCConfigurationList section */
	};
	rootObject = 100000000000000000000400 /* Project object */;
}
